<?xml version="1.0" encoding="utf-8"?>
<Project ToolsVersion="4.0" xmlns="http://schemas.microsoft.com/developer/msbuild/2003">
  <ItemGroup>
    <Filter Include="源文件">
      <UniqueIdentifier>{4FC737F1-C7A5-4376-A066-2A32D752A2FF}</UniqueIdentifier>
      <Extensions>cpp;c;cc;cxx;def;odl;idl;hpj;bat;asm;asmx</Extensions>
    </Filter>
    <Filter Include="头文件">
      <UniqueIdentifier>{93995380-89BD-4b04-88EB-625FBE52EBFB}</UniqueIdentifier>
      <Extensions>h;hh;hpp;hxx;hm;inl;inc;ipp;xsd</Extensions>
    </Filter>
    <Filter Include="资源文件">
      <UniqueIdentifier>{67DA6AB6-F800-4c08-8B7A-83BB121AAD01}</UniqueIdentifier>
      <Extensions>rc;ico;cur;bmp;dlg;rc2;rct;bin;rgs;gif;jpg;jpeg;jpe;resx;tiff;tif;png;wav;mfcribbon-ms</Extensions>
    </Filter>
    <Filter Include="头文件\MathAPIKernel">
      <UniqueIdentifier>{ed8b2072-ddf5-4559-ade5-6d4ade986ed2}</UniqueIdentifier>
    </Filter>
    <Filter Include="源文件\MathAPIKernel">
      <UniqueIdentifier>{d09e357e-5b7b-4940-b168-5057622074d4}</UniqueIdentifier>
    </Filter>
  </ItemGroup>
  <ItemGroup>
    <ClInclude Include="PointCloudMatchin.h">
      <Filter>头文件</Filter>
    </ClInclude>
    <ClInclude Include="PointCloudMatchinDlg.h">
      <Filter>头文件</Filter>
    </ClInclude>
    <ClInclude Include="stdafx.h">
      <Filter>头文件</Filter>
    </ClInclude>
    <ClInclude Include="targetver.h">
      <Filter>头文件</Filter>
    </ClInclude>
    <ClInclude Include="Resource.h">
      <Filter>头文件</Filter>
    </ClInclude>
    <ClInclude Include="ReadFile.h">
      <Filter>头文件</Filter>
    </ClInclude>
    <ClInclude Include="PointCloud.h">
      <Filter>头文件</Filter>
    </ClInclude>
    <ClInclude Include="OpenGLControl.h">
      <Filter>头文件</Filter>
    </ClInclude>
    <ClInclude Include="MathAPIKernel\Matrix4D.h">
      <Filter>头文件\MathAPIKernel</Filter>
    </ClInclude>
    <ClInclude Include="MathAPIKernel\Position3D.h">
      <Filter>头文件\MathAPIKernel</Filter>
    </ClInclude>
    <ClInclude Include="MathAPIKernel\Vector3D.h">
      <Filter>头文件\MathAPIKernel</Filter>
    </ClInclude>
    <ClInclude Include="RoamingScenceManager.h">
      <Filter>头文件</Filter>
    </ClInclude>
  </ItemGroup>
  <ItemGroup>
    <ClCompile Include="PointCloudMatchin.cpp">
      <Filter>源文件</Filter>
    </ClCompile>
    <ClCompile Include="PointCloudMatchinDlg.cpp">
      <Filter>源文件</Filter>
    </ClCompile>
    <ClCompile Include="stdafx.cpp">
      <Filter>源文件</Filter>
    </ClCompile>
    <ClCompile Include="ReadFile.cpp">
      <Filter>源文件</Filter>
    </ClCompile>
    <ClCompile Include="PointCloud.cpp">
      <Filter>源文件</Filter>
    </ClCompile>
    <ClCompile Include="OpenGLControl.cpp">
      <Filter>源文件</Filter>
    </ClCompile>
    <ClCompile Include="RoamingScenceManager.cpp">
      <Filter>源文件</Filter>
    </ClCompile>
    <ClCompile Include="Matrix4D.cpp">
      <Filter>源文件\MathAPIKernel</Filter>
    </ClCompile>
    <ClCompile Include="Position3D.cpp">
      <Filter>源文件\MathAPIKernel</Filter>
    </ClCompile>
    <ClCompile Include="Vector3D.cpp">
      <Filter>源文件\MathAPIKernel</Filter>
    </ClCompile>
  </ItemGroup>
  <ItemGroup>
    <ResourceCompile Include="PointCloudMatchin.rc">
      <Filter>资源文件</Filter>
    </ResourceCompile>
  </ItemGroup>
  <ItemGroup>
    <None Include="res\PointCloudMatchin.rc2">
      <Filter>资源文件</Filter>
    </None>
    <None Include="0.asc">
      <Filter>资源文件</Filter>
    </None>
    <None Include="1.asc">
      <Filter>资源文件</Filter>
    </None>
    <None Include="packages.config" />
  </ItemGroup>
  <ItemGroup>
    <Image Include="res\PointCloudMatchin.ico">
      <Filter>资源文件</Filter>
    </Image>
  </ItemGroup>
</Project>